
Microsoft Visual Studio Solution File, Format Version 12.00
# Visual Studio Version 16
VisualStudioVersion = 16.0.31205.134
MinimumVisualStudioVersion = 10.0.40219.1
Project("{FAE04EC0-301F-11D3-BF4B-00C04F79EFBC}") = "KsisLab8", "KsisLab8\KsisLab8.csproj", "{A8D42F12-5AB9-465F-BE36-AC158F978E84}"
EndProject
Global
	GlobalSection(SolutionConfigurationPlatforms) = preSolution
		Debug|Any CPU = Debug|Any CPU
		Release|Any CPU = Release|Any CPU
	EndGlobalSection
	GlobalSection(ProjectConfigurationPlatforms) = postSolution
		{A8D42F12-5AB9-465F-BE36-AC158F978E84}.Debug|Any CPU.ActiveCfg = Debug|Any CPU
		{A8D42F12-5AB9-465F-BE36-AC158F978E84}.Debug|Any CPU.Build.0 = Debug|Any CPU
		{A8D42F12-5AB9-465F-BE36-AC158F978E84}.Release|Any CPU.ActiveCfg = Release|Any CPU
		{A8D42F12-5AB9-465F-BE36-AC158F978E84}.Release|Any CPU.Build.0 = Release|Any CPU
	EndGlobalSection
	GlobalSection(SolutionProperties) = preSolution
		HideSolutionNode = FALSE
	EndGlobalSection
	GlobalSection(ExtensibilityGlobals) = postSolution
		SolutionGuid = {EAAD58B5-51C8-411F-83B8-FD3ADDFE9DA1}
	EndGlobalSection
EndGlobal
